
Microsoft Visual Studio Solution File, Format Version 12.00
# Visual Studio 15
Project("{FAE04EC0-301F-11D3-BF4B-00C04F79EFBC}") = "Assembly-CSharp", "Assembly-CSharp.csproj", "{DC4B5554-97DF-145F-C011-A426D8511BA1}"
EndProject
Project("{FAE04EC0-301F-11D3-BF4B-00C04F79EFBC}") = "Assembly-CSharp-Editor", "Assembly-CSharp-Editor.csproj", "{6DFF472A-8436-93B1-07E0-33B6816A9557}"
EndProject
Global
	GlobalSection(SolutionConfigurationPlatforms) = preSolution
		Debug|Any CPU = Debug|Any CPU
		Release|Any CPU = Release|Any CPU
	EndGlobalSection
	GlobalSection(ProjectConfigurationPlatforms) = postSolution
		{DC4B5554-97DF-145F-C011-A426D8511BA1}.Debug|Any CPU.ActiveCfg = Debug|Any CPU
		{DC4B5554-97DF-145F-C011-A426D8511BA1}.Debug|Any CPU.Build.0 = Debug|Any CPU
		{DC4B5554-97DF-145F-C011-A426D8511BA1}.Release|Any CPU.ActiveCfg = Release|Any CPU
		{DC4B5554-97DF-145F-C011-A426D8511BA1}.Release|Any CPU.Build.0 = Release|Any CPU
		{6DFF472A-8436-93B1-07E0-33B6816A9557}.Debug|Any CPU.ActiveCfg = Debug|Any CPU
		{6DFF472A-8436-93B1-07E0-33B6816A9557}.Debug|Any CPU.Build.0 = Debug|Any CPU
		{6DFF472A-8436-93B1-07E0-33B6816A9557}.Release|Any CPU.ActiveCfg = Release|Any CPU
		{6DFF472A-8436-93B1-07E0-33B6816A9557}.Release|Any CPU.Build.0 = Release|Any CPU
	EndGlobalSection
	GlobalSection(SolutionProperties) = preSolution
		HideSolutionNode = FALSE
	EndGlobalSection
EndGlobal
